// !$*UTF8*$!
{
	archiveVersion = 1;
	classes = {
	};
	objectVersion = 56;
	objects = {

/* Begin PBXBuildFile section */
		195D82082A70B2FB00CCBBE9 /* AppDelegate.swift in Sources */ = {isa = PBXBuildFile; fileRef = 195D82072A70B2FB00CCBBE9 /* AppDelegate.swift */; };
		195D820A2A70B2FB00CCBBE9 /* SceneDelegate.swift in Sources */ = {isa = PBXBuildFile; fileRef = 195D82092A70B2FB00CCBBE9 /* SceneDelegate.swift */; };
		195D820C2A70B2FB00CCBBE9 /* ViewController.swift in Sources */ = {isa = PBXBuildFile; fileRef = 195D820B2A70B2FB00CCBBE9 /* ViewController.swift */; };
		195D820F2A70B2FB00CCBBE9 /* Main.storyboard in Resources */ = {isa = PBXBuildFile; fileRef = 195D820D2A70B2FB00CCBBE9 /* Main.storyboard */; };
		195D82112A70B2FC00CCBBE9 /* Assets.xcassets in Resources */ = {isa = PBXBuildFile; fileRef = 195D82102A70B2FC00CCBBE9 /* Assets.xcassets */; };
		195D82142A70B2FC00CCBBE9 /* LaunchScreen.storyboard in Resources */ = {isa = PBXBuildFile; fileRef = 195D82122A70B2FC00CCBBE9 /* LaunchScreen.storyboard */; };
		195D821F2A70B2FC00CCBBE9 /* DonutViewTests.swift in Sources */ = {isa = PBXBuildFile; fileRef = 195D821E2A70B2FC00CCBBE9 /* DonutViewTests.swift */; };
		195D82292A70B2FC00CCBBE9 /* DonutViewUITests.swift in Sources */ = {isa = PBXBuildFile; fileRef = 195D82282A70B2FC00CCBBE9 /* DonutViewUITests.swift */; };
		195D822B2A70B2FC00CCBBE9 /* DonutViewUITestsLaunchTests.swift in Sources */ = {isa = PBXBuildFile; fileRef = 195D822A2A70B2FC00CCBBE9 /* DonutViewUITestsLaunchTests.swift */; };
/* End PBXBuildFile section */

/* Begin PBXContainerItemProxy section */
		195D821B2A70B2FC00CCBBE9 /* PBXContainerItemProxy */ = {
			isa = PBXContainerItemProxy;
			containerPortal = 195D81FC2A70B2FB00CCBBE9 /* Project object */;
			proxyType = 1;
			remoteGlobalIDString = 195D82032A70B2FB00CCBBE9;
			remoteInfo = DonutView;
		};
		195D82252A70B2FC00CCBBE9 /* PBXContainerItemProxy */ = {
			isa = PBXContainerItemProxy;
			containerPortal = 195D81FC2A70B2FB00CCBBE9 /* Project object */;
			proxyType = 1;
			remoteGlobalIDString = 195D82032A70B2FB00CCBBE9;
			remoteInfo = DonutView;
		};
/* End PBXContainerItemProxy section */

/* Begin PBXFileReference section */
		195D82042A70B2FB00CCBBE9 /* DonutView.app */ = {isa = PBXFileReference; explicitFileType = wrapper.application; includeInIndex = 0; path = DonutView.app; sourceTree = BUILT_PRODUCTS_DIR; };
		195D82072A70B2FB00CCBBE9 /* AppDelegate.swift */ = {isa = PBXFileReference; lastKnownFileType = sourcecode.swift; path = AppDelegate.swift; sourceTree = "<group>"; };
		195D82092A70B2FB00CCBBE9 /* SceneDelegate.swift */ = {isa = PBXFileReference; lastKnownFileType = sourcecode.swift; path = SceneDelegate.swift; sourceTree = "<group>"; };
		195D820B2A70B2FB00CCBBE9 /* ViewController.swift */ = {isa = PBXFileReference; lastKnownFileType = sourcecode.swift; path = ViewController.swift; sourceTree = "<group>"; };
		195D820E2A70B2FB00CCBBE9 /* Base */ = {isa = PBXFileReference; lastKnownFileType = file.storyboard; name = Base; path = Base.lproj/Main.storyboard; sourceTree = "<group>"; };
		195D82102A70B2FC00CCBBE9 /* Assets.xcassets */ = {isa = PBXFileReference; lastKnownFileType = folder.assetcatalog; path = Assets.xcassets; sourceTree = "<group>"; };
		195D82132A70B2FC00CCBBE9 /* Base */ = {isa = PBXFileReference; lastKnownFileType = file.storyboard; name = Base; path = Base.lproj/LaunchScreen.storyboard; sourceTree = "<group>"; };
		195D82152A70B2FC00CCBBE9 /* Info.plist */ = {isa = PBXFileReference; lastKnownFileType = text.plist.xml; path = Info.plist; sourceTree = "<group>"; };
		195D821A2A70B2FC00CCBBE9 /* DonutViewTests.xctest */ = {isa = PBXFileReference; explicitFileType = wrapper.cfbundle; includeInIndex = 0; path = DonutViewTests.xctest; sourceTree = BUILT_PRODUCTS_DIR; };
		195D821E2A70B2FC00CCBBE9 /* DonutViewTests.swift */ = {isa = PBXFileReference; lastKnownFileType = sourcecode.swift; path = DonutViewTests.swift; sourceTree = "<group>"; };
		195D82242A70B2FC00CCBBE9 /* DonutViewUITests.xctest */ = {isa = PBXFileReference; explicitFileType = wrapper.cfbundle; includeInIndex = 0; path = DonutViewUITests.xctest; sourceTree = BUILT_PRODUCTS_DIR; };
		195D82282A70B2FC00CCBBE9 /* DonutViewUITests.swift */ = {isa = PBXFileReference; lastKnownFileType = sourcecode.swift; path = DonutViewUITests.swift; sourceTree = "<group>"; };
		195D822A2A70B2FC00CCBBE9 /* DonutViewUITestsLaunchTests.swift */ = {isa = PBXFileReference; lastKnownFileType = sourcecode.swift; path = DonutViewUITestsLaunchTests.swift; sourceTree = "<group>"; };
/* End PBXFileReference section */

/* Begin PBXFrameworksBuildPhase section */
		195D82012A70B2FB00CCBBE9 /* Frameworks */ = {
			isa = PBXFrameworksBuildPhase;
			buildActionMask = 2147483647;
			files = (
			);
			runOnlyForDeploymentPostprocessing = 0;
		};
		195D82172A70B2FC00CCBBE9 /* Frameworks */ = {
			isa = PBXFrameworksBuildPhase;
			buildActionMask = 2147483647;
			files = (
			);
			runOnlyForDeploymentPostprocessing = 0;
		};
		195D82212A70B2FC00CCBBE9 /* Frameworks */ = {
			isa = PBXFrameworksBuildPhase;
			buildActionMask = 2147483647;
			files = (
			);
			runOnlyForDeploymentPostprocessing = 0;
		};
/* End PBXFrameworksBuildPhase section */

/* Begin PBXGroup section */
		195D81FB2A70B2FB00CCBBE9 = {
			isa = PBXGroup;
			children = (
				195D82062A70B2FB00CCBBE9 /* DonutView */,
				195D821D2A70B2FC00CCBBE9 /* DonutViewTests */,
				195D82272A70B2FC00CCBBE9 /* DonutViewUITests */,
				195D82052A70B2FB00CCBBE9 /* Products */,
			);
			sourceTree = "<group>";
		};
		195D82052A70B2FB00CCBBE9 /* Products */ = {
			isa = PBXGroup;
			children = (
				195D82042A70B2FB00CCBBE9 /* DonutView.app */,
				195D821A2A70B2FC00CCBBE9 /* DonutViewTests.xctest */,
				195D82242A70B2FC00CCBBE9 /* DonutViewUITests.xctest */,
			);
			name = Products;
			sourceTree = "<group>";
		};
		195D82062A70B2FB00CCBBE9 /* DonutView */ = {
			isa = PBXGroup;
			children = (
				195D82072A70B2FB00CCBBE9 /* AppDelegate.swift */,
				195D82092A70B2FB00CCBBE9 /* SceneDelegate.swift */,
				195D820B2A70B2FB00CCBBE9 /* ViewController.swift */,
				195D820D2A70B2FB00CCBBE9 /* Main.storyboard */,
				195D82102A70B2FC00CCBBE9 /* Assets.xcassets */,
				195D82122A70B2FC00CCBBE9 /* LaunchScreen.storyboard */,
				195D82152A70B2FC00CCBBE9 /* Info.plist */,
			);
			path = DonutView;
			sourceTree = "<group>";
		};
		195D821D2A70B2FC00CCBBE9 /* DonutViewTests */ = {
			isa = PBXGroup;
			children = (
				195D821E2A70B2FC00CCBBE9 /* DonutViewTests.swift */,
			);
			path = DonutViewTests;
			sourceTree = "<group>";
		};
		195D82272A70B2FC00CCBBE9 /* DonutViewUITests */ = {
			isa = PBXGroup;
			children = (
				195D82282A70B2FC00CCBBE9 /* DonutViewUITests.swift */,
				195D822A2A70B2FC00CCBBE9 /* DonutViewUITestsLaunchTests.swift */,
			);
			path = DonutViewUITests;
			sourceTree = "<group>";
		};
/* End PBXGroup section */

/* Begin PBXNativeTarget section */
		195D82032A70B2FB00CCBBE9 /* DonutView */ = {
			isa = PBXNativeTarget;
			buildConfigurationList = 195D822E2A70B2FC00CCBBE9 /* Build configuration list for PBXNativeTarget "DonutView" */;
			buildPhases = (
				195D82002A70B2FB00CCBBE9 /* Sources */,
				195D82012A70B2FB00CCBBE9 /* Frameworks */,
				195D82022A70B2FB00CCBBE9 /* Resources */,
			);
			buildRules = (
			);
			dependencies = (
			);
			name = DonutView;
			productName = DonutView;
			productReference = 195D82042A70B2FB00CCBBE9 /* DonutView.app */;
			productType = "com.apple.product-type.application";
		};
		195D82192A70B2FC00CCBBE9 /* DonutViewTests */ = {
			isa = PBXNativeTarget;
			buildConfigurationList = 195D82312A70B2FC00CCBBE9 /* Build configuration list for PBXNativeTarget "DonutViewTests" */;
			buildPhases = (
				195D82162A70B2FC00CCBBE9 /* Sources */,
				195D82172A70B2FC00CCBBE9 /* Frameworks */,
				195D82182A70B2FC00CCBBE9 /* Resources */,
			);
			buildRules = (
			);
			dependencies = (
				195D821C2A70B2FC00CCBBE9 /* PBXTargetDependency */,
			);
			name = DonutViewTests;
			productName = DonutViewTests;
			productReference = 195D821A2A70B2FC00CCBBE9 /* DonutViewTests.xctest */;
			productType = "com.apple.product-type.bundle.unit-test";
		};
		195D82232A70B2FC00CCBBE9 /* DonutViewUITests */ = {
			isa = PBXNativeTarget;
			buildConfigurationList = 195D82342A70B2FC00CCBBE9 /* Build configuration list for PBXNativeTarget "DonutViewUITests" */;
			buildPhases = (
				195D82202A70B2FC00CCBBE9 /* Sources */,
				195D82212A70B2FC00CCBBE9 /* Frameworks */,
				195D82222A70B2FC00CCBBE9 /* Resources */,
			);
			buildRules = (
			);
			dependencies = (
				195D82262A70B2FC00CCBBE9 /* PBXTargetDependency */,
			);
			name = DonutViewUITests;
			productName = DonutViewUITests;
			productReference = 195D82242A70B2FC00CCBBE9 /* DonutViewUITests.xctest */;
			productType = "com.apple.product-type.bundle.ui-testing";
		};
/* End PBXNativeTarget section */

/* Begin PBXProject section */
		195D81FC2A70B2FB00CCBBE9 /* Project object */ = {
			isa = PBXProject;
			attributes = {
				BuildIndependentTargetsInParallel = 1;
				LastSwiftUpdateCheck = 1430;
				LastUpgradeCheck = 1430;
				TargetAttributes = {
					195D82032A70B2FB00CCBBE9 = {
						CreatedOnToolsVersion = 14.3.1;
					};
					195D82192A70B2FC00CCBBE9 = {
						CreatedOnToolsVersion = 14.3.1;
						TestTargetID = 195D82032A70B2FB00CCBBE9;
					};
					195D82232A70B2FC00CCBBE9 = {
						CreatedOnToolsVersion = 14.3.1;
						TestTargetID = 195D82032A70B2FB00CCBBE9;
					};
				};
			};
			buildConfigurationList = 195D81FF2A70B2FB00CCBBE9 /* Build configuration list for PBXProject "DonutView" */;
			compatibilityVersion = "Xcode 14.0";
			developmentRegion = en;
			hasScannedForEncodings = 0;
			knownRegions = (
				en,
				Base,
			);
			mainGroup = 195D81FB2A70B2FB00CCBBE9;
			productRefGroup = 195D82052A70B2FB00CCBBE9 /* Products */;
			projectDirPath = "";
			projectRoot = "";
			targets = (
				195D82032A70B2FB00CCBBE9 /* DonutView */,
				195D82192A70B2FC00CCBBE9 /* DonutViewTests */,
				195D82232A70B2FC00CCBBE9 /* DonutViewUITests */,
			);
		};
/* End PBXProject section */

/* Begin PBXResourcesBuildPhase section */
		195D82022A70B2FB00CCBBE9 /* Resources */ = {
			isa = PBXResourcesBuildPhase;
			buildActionMask = 2147483647;
			files = (
				195D82142A70B2FC00CCBBE9 /* LaunchScreen.storyboard in Resources */,
				195D82112A70B2FC00CCBBE9 /* Assets.xcassets in Resources */,
				195D820F2A70B2FB00CCBBE9 /* Main.storyboard in Resources */,
			);
			runOnlyForDeploymentPostprocessing = 0;
		};
		195D82182A70B2FC00CCBBE9 /* Resources */ = {
			isa = PBXResourcesBuildPhase;
			buildActionMask = 2147483647;
			files = (
			);
			runOnlyForDeploymentPostprocessing = 0;
		};
		195D82222A70B2FC00CCBBE9 /* Resources */ = {
			isa = PBXResourcesBuildPhase;
			buildActionMask = 2147483647;
			files = (
			);
			runOnlyForDeploymentPostprocessing = 0;
		};
/* End PBXResourcesBuildPhase section */

/* Begin PBXSourcesBuildPhase section */
		195D82002A70B2FB00CCBBE9 /* Sources */ = {
			isa = PBXSourcesBuildPhase;
			buildActionMask = 2147483647;
			files = (
				195D820C2A70B2FB00CCBBE9 /* ViewController.swift in Sources */,
				195D82082A70B2FB00CCBBE9 /* AppDelegate.swift in Sources */,
				195D820A2A70B2FB00CCBBE9 /* SceneDelegate.swift in Sources */,
			);
			runOnlyForDeploymentPostprocessing = 0;
		};
		195D82162A70B2FC00CCBBE9 /* Sources */ = {
			isa = PBXSourcesBuildPhase;
			buildActionMask = 2147483647;
			files = (
				195D821F2A70B2FC00CCBBE9 /* DonutViewTests.swift in Sources */,
			);
			runOnlyForDeploymentPostprocessing = 0;
		};
		195D82202A70B2FC00CCBBE9 /* Sources */ = {
			isa = PBXSourcesBuildPhase;
			buildActionMask = 2147483647;
			files = (
				195D822B2A70B2FC00CCBBE9 /* DonutViewUITestsLaunchTests.swift in Sources */,
				195D82292A70B2FC00CCBBE9 /* DonutViewUITests.swift in Sources */,
			);
			runOnlyForDeploymentPostprocessing = 0;
		};
/* End PBXSourcesBuildPhase section */

/* Begin PBXTargetDependency section */
		195D821C2A70B2FC00CCBBE9 /* PBXTargetDependency */ = {
			isa = PBXTargetDependency;
			target = 195D82032A70B2FB00CCBBE9 /* DonutView */;
			targetProxy = 195D821B2A70B2FC00CCBBE9 /* PBXContainerItemProxy */;
		};
		195D82262A70B2FC00CCBBE9 /* PBXTargetDependency */ = {
			isa = PBXTargetDependency;
			target = 195D82032A70B2FB00CCBBE9 /* DonutView */;
			targetProxy = 195D82252A70B2FC00CCBBE9 /* PBXContainerItemProxy */;
		};
/* End PBXTargetDependency section */

/* Begin PBXVariantGroup section */
		195D820D2A70B2FB00CCBBE9 /* Main.storyboard */ = {
			isa = PBXVariantGroup;
			children = (
				195D820E2A70B2FB00CCBBE9 /* Base */,
			);
			name = Main.storyboard;
			sourceTree = "<group>";
		};
		195D82122A70B2FC00CCBBE9 /* LaunchScreen.storyboard */ = {
			isa = PBXVariantGroup;
			children = (
				195D82132A70B2FC00CCBBE9 /* Base */,
			);
			name = LaunchScreen.storyboard;
			sourceTree = "<group>";
		};
/* End PBXVariantGroup section */

/* Begin XCBuildConfiguration section */
		195D822C2A70B2FC00CCBBE9 /* Debug */ = {
			isa = XCBuildConfiguration;
			buildSettings = {
				ALWAYS_SEARCH_USER_PATHS = NO;
				CLANG_ANALYZER_NONNULL = YES;
				CLANG_ANALYZER_NUMBER_OBJECT_CONVERSION = YES_AGGRESSIVE;
				CLANG_CXX_LANGUAGE_STANDARD = "gnu++20";
				CLANG_ENABLE_MODULES = YES;
				CLANG_ENABLE_OBJC_ARC = YES;
				CLANG_ENABLE_OBJC_WEAK = YES;
				CLANG_WARN_BLOCK_CAPTURE_AUTORELEASING = YES;
				CLANG_WARN_BOOL_CONVERSION = YES;
				CLANG_WARN_COMMA = YES;
				CLANG_WARN_CONSTANT_CONVERSION = YES;
				CLANG_WARN_DEPRECATED_OBJC_IMPLEMENTATIONS = YES;
				CLANG_WARN_DIRECT_OBJC_ISA_USAGE = YES_ERROR;
				CLANG_WARN_DOCUMENTATION_COMMENTS = YES;
				CLANG_WARN_EMPTY_BODY = YES;
				CLANG_WARN_ENUM_CONVERSION = YES;
				CLANG_WARN_INFINITE_RECURSION = YES;
				CLANG_WARN_INT_CONVERSION = YES;
				CLANG_WARN_NON_LITERAL_NULL_CONVERSION = YES;
				CLANG_WARN_OBJC_IMPLICIT_RETAIN_SELF = YES;
				CLANG_WARN_OBJC_LITERAL_CONVERSION = YES;
				CLANG_WARN_OBJC_ROOT_CLASS = YES_ERROR;
				CLANG_WARN_QUOTED_INCLUDE_IN_FRAMEWORK_HEADER = YES;
				CLANG_WARN_RANGE_LOOP_ANALYSIS = YES;
				CLANG_WARN_STRICT_PROTOTYPES = YES;
				CLANG_WARN_SUSPICIOUS_MOVE = YES;
				CLANG_WARN_UNGUARDED_AVAILABILITY = YES_AGGRESSIVE;
				CLANG_WARN_UNREACHABLE_CODE = YES;
				CLANG_WARN__DUPLICATE_METHOD_MATCH = YES;
				COPY_PHASE_STRIP = NO;
				DEBUG_INFORMATION_FORMAT = dwarf;
				ENABLE_STRICT_OBJC_MSGSEND = YES;
				ENABLE_TESTABILITY = YES;
				GCC_C_LANGUAGE_STANDARD = gnu11;
				GCC_DYNAMIC_NO_PIC = NO;
				GCC_NO_COMMON_BLOCKS = YES;
				GCC_OPTIMIZATION_LEVEL = 0;
				GCC_PREPROCESSOR_DEFINITIONS = (
					"DEBUG=1",
					"$(inherited)",
				);
				GCC_WARN_64_TO_32_BIT_CONVERSION = YES;
				GCC_WARN_ABOUT_RETURN_TYPE = YES_ERROR;
				GCC_WARN_UNDECLARED_SELECTOR = YES;
				GCC_WARN_UNINITIALIZED_AUTOS = YES_AGGRESSIVE;
				GCC_WARN_UNUSED_FUNCTION = YES;
				GCC_WARN_UNUSED_VARIABLE = YES;
				IPHONEOS_DEPLOYMENT_TARGET = 16.4;
				MTL_ENABLE_DEBUG_INFO = INCLUDE_SOURCE;
				MTL_FAST_MATH = YES;
				ONLY_ACTIVE_ARCH = YES;
				SDKROOT = iphoneos;
				SWIFT_ACTIVE_COMPILATION_CONDITIONS = DEBUG;
				SWIFT_OPTIMIZATION_LEVEL = "-Onone";
			};
			name = Debug;
		};
		195D822D2A70B2FC00CCBBE9 /* Release */ = {
			isa = XCBuildConfiguration;
			buildSettings = {
				ALWAYS_SEARCH_USER_PATHS = NO;
				CLANG_ANALYZER_NONNULL = YES;
				CLANG_ANALYZER_NUMBER_OBJECT_CONVERSION = YES_AGGRESSIVE;
				CLANG_CXX_LANGUAGE_STANDARD = "gnu++20";
				CLANG_ENABLE_MODULES = YES;
				CLANG_ENABLE_OBJC_ARC = YES;
				CLANG_ENABLE_OBJC_WEAK = YES;
				CLANG_WARN_BLOCK_CAPTURE_AUTORELEASING = YES;
				CLANG_WARN_BOOL_CONVERSION = YES;
				CLANG_WARN_COMMA = YES;
				CLANG_WARN_CONSTANT_CONVERSION = YES;
				CLANG_WARN_DEPRECATED_OBJC_IMPLEMENTATIONS = YES;
				CLANG_WARN_DIRECT_OBJC_ISA_USAGE = YES_ERROR;
				CLANG_WARN_DOCUMENTATION_COMMENTS = YES;
				CLANG_WARN_EMPTY_BODY = YES;
				CLANG_WARN_ENUM_CONVERSION = YES;
				CLANG_WARN_INFINITE_RECURSION = YES;
				CLANG_WARN_INT_CONVERSION = YES;
				CLANG_WARN_NON_LITERAL_NULL_CONVERSION = YES;
				CLANG_WARN_OBJC_IMPLICIT_RETAIN_SELF = YES;
				CLANG_WARN_OBJC_LITERAL_CONVERSION = YES;
				CLANG_WARN_OBJC_ROOT_CLASS = YES_ERROR;
				CLANG_WARN_QUOTED_INCLUDE_IN_FRAMEWORK_HEADER = YES;
				CLANG_WARN_RANGE_LOOP_ANALYSIS = YES;
				CLANG_WARN_STRICT_PROTOTYPES = YES;
				CLANG_WARN_SUSPICIOUS_MOVE = YES;
				CLANG_WARN_UNGUARDED_AVAILABILITY = YES_AGGRESSIVE;
				CLANG_WARN_UNREACHABLE_CODE = YES;
				CLANG_WARN__DUPLICATE_METHOD_MATCH = YES;
				COPY_PHASE_STRIP = NO;
				DEBUG_INFORMATION_FORMAT = "dwarf-with-dsym";
				ENABLE_NS_ASSERTIONS = NO;
				ENABLE_STRICT_OBJC_MSGSEND = YES;
				GCC_C_LANGUAGE_STANDARD = gnu11;
				GCC_NO_COMMON_BLOCKS = YES;
				GCC_WARN_64_TO_32_BIT_CONVERSION = YES;
				GCC_WARN_ABOUT_RETURN_TYPE = YES_ERROR;
				GCC_WARN_UNDECLARED_SELECTOR = YES;
				GCC_WARN_UNINITIALIZED_AUTOS = YES_AGGRESSIVE;
				GCC_WARN_UNUSED_FUNCTION = YES;
				GCC_WARN_UNUSED_VARIABLE = YES;
				IPHONEOS_DEPLOYMENT_TARGET = 16.4;
				MTL_ENABLE_DEBUG_INFO = NO;
				MTL_FAST_MATH = YES;
				SDKROOT = iphoneos;
				SWIFT_COMPILATION_MODE = wholemodule;
				SWIFT_OPTIMIZATION_LEVEL = "-O";
				VALIDATE_PRODUCT = YES;
			};
			name = Release;
		};
		195D822F2A70B2FC00CCBBE9 /* Debug */ = {
			isa = XCBuildConfiguration;
			buildSettings = {
				ASSETCATALOG_COMPILER_APPICON_NAME = AppIcon;
				ASSETCATALOG_COMPILER_GLOBAL_ACCENT_COLOR_NAME = AccentColor;
				CODE_SIGN_STYLE = Automatic;
				CURRENT_PROJECT_VERSION = 1;
				DEVELOPMENT_TEAM = ZG2P46JR6N;
				GENERATE_INFOPLIST_FILE = YES;
				INFOPLIST_FILE = DonutView/Info.plist;
				INFOPLIST_KEY_UIApplicationSupportsIndirectInputEvents = YES;
				INFOPLIST_KEY_UILaunchStoryboardName = LaunchScreen;
				INFOPLIST_KEY_UIMainStoryboardFile = Main;
				INFOPLIST_KEY_UISupportedInterfaceOrientations_iPad = "UIInterfaceOrientationPortrait UIInterfaceOrientationPortraitUpsideDown UIInterfaceOrientationLandscapeLeft UIInterfaceOrientationLandscapeRight";
				INFOPLIST_KEY_UISupportedInterfaceOrientations_iPhone = "UIInterfaceOrientationPortrait UIInterfaceOrientationLandscapeLeft UIInterfaceOrientationLandscapeRight";
				LD_RUNPATH_SEARCH_PATHS = (
					"$(inherited)",
					"@executable_path/Frameworks",
				);
				MARKETING_VERSION = 1.0;
				PRODUCT_BUNDLE_IDENTIFIER = coder3306.DonutView;
				PRODUCT_NAME = "$(TARGET_NAME)";
				SWIFT_EMIT_LOC_STRINGS = YES;
				SWIFT_VERSION = 5.0;
				TARGETED_DEVICE_FAMILY = "1,2";
			};
			name = Debug;
		};
		195D82302A70B2FC00CCBBE9 /* Release */ = {
			isa = XCBuildConfiguration;
			buildSettings = {
				ASSETCATALOG_COMPILER_APPICON_NAME = AppIcon;
				ASSETCATALOG_COMPILER_GLOBAL_ACCENT_COLOR_NAME = AccentColor;
				CODE_SIGN_STYLE = Automatic;
				CURRENT_PROJECT_VERSION = 1;
				DEVELOPMENT_TEAM = ZG2P46JR6N;
				GENERATE_INFOPLIST_FILE = YES;
				INFOPLIST_FILE = DonutView/Info.plist;
				INFOPLIST_KEY_UIApplicationSupportsIndirectInputEvents = YES;
				INFOPLIST_KEY_UILaunchStoryboardName = LaunchScreen;
				INFOPLIST_KEY_UIMainStoryboardFile = Main;
				INFOPLIST_KEY_UISupportedInterfaceOrientations_iPad = "UIInterfaceOrientationPortrait UIInterfaceOrientationPortraitUpsideDown UIInterfaceOrientationLandscapeLeft UIInterfaceOrientationLandscapeRight";
				INFOPLIST_KEY_UISupportedInterfaceOrientations_iPhone = "UIInterfaceOrientationPortrait UIInterfaceOrientationLandscapeLeft UIInterfaceOrientationLandscapeRight";
				LD_RUNPATH_SEARCH_PATHS = (
					"$(inherited)",
					"@executable_path/Frameworks",
				);
				MARKETING_VERSION = 1.0;
				PRODUCT_BUNDLE_IDENTIFIER = coder3306.DonutView;
				PRODUCT_NAME = "$(TARGET_NAME)";
				SWIFT_EMIT_LOC_STRINGS = YES;
				SWIFT_VERSION = 5.0;
				TARGETED_DEVICE_FAMILY = "1,2";
			};
			name = Release;
		};
		195D82322A70B2FC00CCBBE9 /* Debug */ = {
			isa = XCBuildConfiguration;
			buildSettings = {
				ALWAYS_EMBED_SWIFT_STANDARD_LIBRARIES = YES;
				BUNDLE_LOADER = "$(TEST_HOST)";
				CODE_SIGN_STYLE = Automatic;
				CURRENT_PROJECT_VERSION = 1;
				DEVELOPMENT_TEAM = ZG2P46JR6N;
				GENERATE_INFOPLIST_FILE = YES;
				IPHONEOS_DEPLOYMENT_TARGET = 16.4;
				MARKETING_VERSION = 1.0;
				PRODUCT_BUNDLE_IDENTIFIER = coder3306.DonutViewTests;
				PRODUCT_NAME = "$(TARGET_NAME)";
				SWIFT_EMIT_LOC_STRINGS = NO;
				SWIFT_VERSION = 5.0;
				TARGETED_DEVICE_FAMILY = "1,2";
				TEST_HOST = "$(BUILT_PRODUCTS_DIR)/DonutView.app/$(BUNDLE_EXECUTABLE_FOLDER_PATH)/DonutView";
			};
			name = Debug;
		};
		195D82332A70B2FC00CCBBE9 /* Release */ = {
			isa = XCBuildConfiguration;
			buildSettings = {
				ALWAYS_EMBED_SWIFT_STANDARD_LIBRARIES = YES;
				BUNDLE_LOADER = "$(TEST_HOST)";
				CODE_SIGN_STYLE = Automatic;
				CURRENT_PROJECT_VERSION = 1;
				DEVELOPMENT_TEAM = ZG2P46JR6N;
				GENERATE_INFOPLIST_FILE = YES;
				IPHONEOS_DEPLOYMENT_TARGET = 16.4;
				MARKETING_VERSION = 1.0;
				PRODUCT_BUNDLE_IDENTIFIER = coder3306.DonutViewTests;
				PRODUCT_NAME = "$(TARGET_NAME)";
				SWIFT_EMIT_LOC_STRINGS = NO;
				SWIFT_VERSION = 5.0;
				TARGETED_DEVICE_FAMILY = "1,2";
				TEST_HOST = "$(BUILT_PRODUCTS_DIR)/DonutView.app/$(BUNDLE_EXECUTABLE_FOLDER_PATH)/DonutView";
			};
			name = Release;
		};
		195D82352A70B2FC00CCBBE9 /* Debug */ = {
			isa = XCBuildConfiguration;
			buildSettings = {
				ALWAYS_EMBED_SWIFT_STANDARD_LIBRARIES = YES;
				CODE_SIGN_STYLE = Automatic;
				CURRENT_PROJECT_VERSION = 1;
				DEVELOPMENT_TEAM = ZG2P46JR6N;
				GENERATE_INFOPLIST_FILE = YES;
				MARKETING_VERSION = 1.0;
				PRODUCT_BUNDLE_IDENTIFIER = coder3306.DonutViewUITests;
				PRODUCT_NAME = "$(TARGET_NAME)";
				SWIFT_EMIT_LOC_STRINGS = NO;
				SWIFT_VERSION = 5.0;
				TARGETED_DEVICE_FAMILY = "1,2";
				TEST_TARGET_NAME = DonutView;
			};
			name = Debug;
		};
		195D82362A70B2FC00CCBBE9 /* Release */ = {
			isa = XCBuildConfiguration;
			buildSettings = {
				ALWAYS_EMBED_SWIFT_STANDARD_LIBRARIES = YES;
				CODE_SIGN_STYLE = Automatic;
				CURRENT_PROJECT_VERSION = 1;
				DEVELOPMENT_TEAM = ZG2P46JR6N;
				GENERATE_INFOPLIST_FILE = YES;
				MARKETING_VERSION = 1.0;
				PRODUCT_BUNDLE_IDENTIFIER = coder3306.DonutViewUITests;
				PRODUCT_NAME = "$(TARGET_NAME)";
				SWIFT_EMIT_LOC_STRINGS = NO;
				SWIFT_VERSION = 5.0;
				TARGETED_DEVICE_FAMILY = "1,2";
				TEST_TARGET_NAME = DonutView;
			};
			name = Release;
		};
/* End XCBuildConfiguration section */

/* Begin XCConfigurationList section */
		195D81FF2A70B2FB00CCBBE9 /* Build configuration list for PBXProject "DonutView" */ = {
			isa = XCConfigurationList;
			buildConfigurations = (
				195D822C2A70B2FC00CCBBE9 /* Debug */,
				195D822D2A70B2FC00CCBBE9 /* Release */,
			);
			defaultConfigurationIsVisible = 0;
			defaultConfigurationName = Release;
		};
		195D822E2A70B2FC00CCBBE9 /* Build configuration list for PBXNativeTarget "DonutView" */ = {
			isa = XCConfigurationList;
			buildConfigurations = (
				195D822F2A70B2FC00CCBBE9 /* Debug */,
				195D82302A70B2FC00CCBBE9 /* Release */,
			);
			defaultConfigurationIsVisible = 0;
			defaultConfigurationName = Release;
		};
		195D82312A70B2FC00CCBBE9 /* Build configuration list for PBXNativeTarget "DonutViewTests" */ = {
			isa = XCConfigurationList;
			buildConfigurations = (
				195D82322A70B2FC00CCBBE9 /* Debug */,
				195D82332A70B2FC00CCBBE9 /* Release */,
			);
			defaultConfigurationIsVisible = 0;
			defaultConfigurationName = Release;
		};
		195D82342A70B2FC00CCBBE9 /* Build configuration list for PBXNativeTarget "DonutViewUITests" */ = {
			isa = XCConfigurationList;
			buildConfigurations = (
				195D82352A70B2FC00CCBBE9 /* Debug */,
				195D82362A70B2FC00CCBBE9 /* Release */,
			);
			defaultConfigurationIsVisible = 0;
			defaultConfigurationName = Release;
		};
/* End XCConfigurationList section */
	};
	rootObject = 195D81FC2A70B2FB00CCBBE9 /* Project object */;
}
